# This file is generated by running "yarn install" inside your project.
# Manual changes might be lost - proceed with caution!

__metadata:
  version: 8
  cacheKey: 10

"@derockdev/discord-components-core@npm:^3.5.1, @derockdev/discord-components-core@npm:^3.5.3":
  version: 3.5.3
  resolution: "@derockdev/discord-components-core@npm:3.5.3"
  dependencies:
    "@stencil/core": "npm:^2.22.1"
    clsx: "npm:^1.2.1"
    hex-to-rgba: "npm:^2.0.1"
    highlight.js: "npm:^11.6.0"
  checksum: 10/77fa5fb5f8961e898b4d0989c4c1580b6a1ca10c7527e99c83fc1ed7b6250358d30ea65d062ea2a595681279d78e20b05674c6d01ac82d1115d49381af72abfe
  languageName: node
  linkType: hard

"@derockdev/discord-components-react@npm:^3.5.3":
  version: 3.5.3
  resolution: "@derockdev/discord-components-react@npm:3.5.3"
  dependencies:
    "@derockdev/discord-components-core": "npm:^3.5.1"
    tslib: "npm:^2.4.0"
  peerDependencies:
    react: 16.8.x || 17.x || 18.x
    react-dom: 16.8.x || 17.x || 18.x
  checksum: 10/e55b232c0930d2f52911e31e83d60315f80808351c10762278e16a8adbee35bec885d9e6d9a04552aec2ff28e3587e13ce19b6be52fafb73c37af71cd07dc631
  languageName: node
  linkType: hard

"@discordjs/builders@npm:^1.6.5":
  version: 1.6.5
  resolution: "@discordjs/builders@npm:1.6.5"
  dependencies:
    "@discordjs/formatters": "npm:^0.3.2"
    "@discordjs/util": "npm:^1.0.1"
    "@sapphire/shapeshift": "npm:^3.9.2"
    discord-api-types: "npm:0.37.50"
    fast-deep-equal: "npm:^3.1.3"
    ts-mixer: "npm:^6.0.3"
    tslib: "npm:^2.6.1"
  checksum: 10/f125a034f92d1074afee085ade0613e6e751829f1d005332e06091a39107a15f494ee2a9a7f66ef8accaae01d0fe65871fafb606730a624a2ce2409ba5ea9352
  languageName: node
  linkType: hard

"@discordjs/collection@npm:^1.5.1, @discordjs/collection@npm:^1.5.3":
  version: 1.5.3
  resolution: "@discordjs/collection@npm:1.5.3"
  checksum: 10/770d0576612555c848858ead2a6c6242252f51ae3a7a6fdcc4986ceeb330ed8cffb81bcd1819e1ef11cce946cb9e707791926e757985cc2e081e984012c08dad
  languageName: node
  linkType: hard

"@discordjs/formatters@npm:^0.3.2":
  version: 0.3.2
  resolution: "@discordjs/formatters@npm:0.3.2"
  dependencies:
    discord-api-types: "npm:0.37.50"
  checksum: 10/1f49ee99763b97848a12a21b7c7b927de134f373fabfe2eef4ececf10591ee771f16d7d089c41325ca34874f98fb928c5cad9a46ad988d53453ddda1acf79f73
  languageName: node
  linkType: hard

"@discordjs/rest@npm:^2.0.1":
  version: 2.0.1
  resolution: "@discordjs/rest@npm:2.0.1"
  dependencies:
    "@discordjs/collection": "npm:^1.5.3"
    "@discordjs/util": "npm:^1.0.1"
    "@sapphire/async-queue": "npm:^1.5.0"
    "@sapphire/snowflake": "npm:^3.5.1"
    "@vladfrangu/async_event_emitter": "npm:^2.2.2"
    discord-api-types: "npm:0.37.50"
    magic-bytes.js: "npm:^1.0.15"
    tslib: "npm:^2.6.1"
    undici: "npm:5.22.1"
  checksum: 10/46112af4e701b542f94515798d3af27714dfd59ee833d0315f1723cf8f8206cbcee953801913513c583a09f4d9c3702e8ba8f9cad575c7b527c01a60a1987b9b
  languageName: node
  linkType: hard

"@discordjs/util@npm:^1.0.1":
  version: 1.0.1
  resolution: "@discordjs/util@npm:1.0.1"
  checksum: 10/1ff9857fb34ea35879a3b58ff9804e8e26204d67831543c5a8256c78da93e51b23fd2b5f08e96933349621270be30fee0b31a148f18aa3313f035086f656e7fc
  languageName: node
  linkType: hard

"@discordjs/ws@npm:^1.0.1":
  version: 1.0.1
  resolution: "@discordjs/ws@npm:1.0.1"
  dependencies:
    "@discordjs/collection": "npm:^1.5.3"
    "@discordjs/rest": "npm:^2.0.1"
    "@discordjs/util": "npm:^1.0.1"
    "@sapphire/async-queue": "npm:^1.5.0"
    "@types/ws": "npm:^8.5.5"
    "@vladfrangu/async_event_emitter": "npm:^2.2.2"
    discord-api-types: "npm:0.37.50"
    tslib: "npm:^2.6.1"
    ws: "npm:^8.13.0"
  checksum: 10/3ab60abd9a39d7fe8c2d8f64e1835355ebc7b91933d7281248fa076c26b329e255a014fc56d7df565d4e0fcf8222c4e7e5784a68832a44be3b7f2638fd619c92
  languageName: node
  linkType: hard

"@favware/colorette-spinner@npm:^1.0.1":
  version: 1.0.1
  resolution: "@favware/colorette-spinner@npm:1.0.1"
  dependencies:
    colorette: "npm:*"
  checksum: 10/2dc46f83c38eadddee622586234fb0c523e461ac123e18156d9563eb06941dcfaddb7caf1b985377daed1e0024fb170e28ed2269e91e737ea56287272c5de921
  languageName: node
  linkType: hard

"@prisma/client@npm:^5.2.0":
  version: 5.2.0
  resolution: "@prisma/client@npm:5.2.0"
  dependencies:
    "@prisma/engines-version": "npm:5.2.0-25.2804dc98259d2ea960602aca6b8e7fdc03c1758f"
  peerDependencies:
    prisma: "*"
  peerDependenciesMeta:
    prisma:
      optional: true
  checksum: 10/42a86517f98ec674d7fa1b769191f8fd42229d01b0d735ff6de2919af427905f3b061c93ca15b48f6daf5c1920794849076dc74b93be3d4b6e4086155429f94e
  languageName: node
  linkType: hard

"@prisma/engines-version@npm:5.2.0-25.2804dc98259d2ea960602aca6b8e7fdc03c1758f":
  version: 5.2.0-25.2804dc98259d2ea960602aca6b8e7fdc03c1758f
  resolution: "@prisma/engines-version@npm:5.2.0-25.2804dc98259d2ea960602aca6b8e7fdc03c1758f"
  checksum: 10/b3c81d57790b62295a7af1e5760bc842ff9d867b18f1c034ed692fccf2465aeecc9b169012e24833b653ef942ad397b28f5b352ad943f578dd1f98a5584e3d93
  languageName: node
  linkType: hard

"@prisma/engines@npm:5.2.0":
  version: 5.2.0
  resolution: "@prisma/engines@npm:5.2.0"
  checksum: 10/7a48028b23ecb081a0cd506a8e9e435ca3f4e9583c5ff9448e2b0d839b17ccff954d7a7aa320e8cb22bf602566c571b8c0a6616d6651a628c10a10056d95a9f7
  languageName: node
  linkType: hard

"@sapphire/async-queue@npm:^1.5.0":
  version: 1.5.0
  resolution: "@sapphire/async-queue@npm:1.5.0"
  checksum: 10/d22feb63a226486b4a463df145e7e8a94d7149b0772d485e6d315348c8dd4318c7a1724b0961cc023cae4070c0d7f73cbb914310ccbee330007c9bb54a04ae5f
  languageName: node
  linkType: hard

"@sapphire/cli@npm:^1.6.1":
  version: 1.6.1
  resolution: "@sapphire/cli@npm:1.6.1"
  dependencies:
    "@favware/colorette-spinner": "npm:^1.0.1"
    "@sapphire/result": "npm:^2.6.3"
    colorette: "npm:^2.0.20"
    commander: "npm:^10.0.1"
    execa: "npm:^7.1.1"
    find-up: "npm:^5.0.0"
    js-yaml: "npm:^4.1.0"
    prompts: "npm:^2.4.2"
    tslib: "npm:^2.5.0"
  bin:
    sapphire: ./dist/cli.js
  checksum: 10/8ff2504c0c6c7b97a2240b5cce3d4805783cacea90fa2c341a4ccf6097b3ae8de49e7b51f92b6ea82391a93b64fd5608f599d54c12580b54fec8b6eb5e741c37
  languageName: node
  linkType: hard

"@sapphire/decorators@npm:^6.0.2":
  version: 6.0.2
  resolution: "@sapphire/decorators@npm:6.0.2"
  dependencies:
    tslib: "npm:^2.6.0"
  checksum: 10/0634494412288e3d69c698c9e1612c67d0021e994ddef650caae3c14da2374b2a9ce217811e3aeef0ffce973c6c2d927d2b31d43a4df87e341b04fc03c95de75
  languageName: node
  linkType: hard

"@sapphire/discord-utilities@npm:^3.0.4, @sapphire/discord-utilities@npm:^3.1.0":
  version: 3.1.0
  resolution: "@sapphire/discord-utilities@npm:3.1.0"
  dependencies:
    discord-api-types: "npm:^0.37.51"
  checksum: 10/dfafed65c4ab7e917211d1ab0cda32012fa37566f6cc6b1ad6585663b60e4cf7bfb1a0ac0d7917d7657b1ff8e24b5a6363511df9d1a8bd97c12b9f7ec01a9eb0
  languageName: node
  linkType: hard

"@sapphire/discord.js-utilities@npm:7.0.1, @sapphire/discord.js-utilities@npm:^7.0.1":
  version: 7.0.1
  resolution: "@sapphire/discord.js-utilities@npm:7.0.1"
  dependencies:
    "@sapphire/discord-utilities": "npm:^3.0.4"
    "@sapphire/duration": "npm:^1.1.0"
    "@sapphire/utilities": "npm:^3.13.0"
    tslib: "npm:^2.6.0"
  checksum: 10/4641c03a1ca56421ed9859f896ce2d374f8e178a908a24d84804163b5b45bbed9d31df900a234882fa1ec2b8de7d8a190d3039b0cbcf03b72223c9f0a9c243dc
  languageName: node
  linkType: hard

"@sapphire/duration@npm:^1.1.0":
  version: 1.1.0
  resolution: "@sapphire/duration@npm:1.1.0"
  checksum: 10/78e734594f91f6cbf30888d86d4666de3279971246ef8b261523b465e50331cd05fe09f4e2b46e6bf8397d270349b8b68fd316a7aed5108cfba02a01299e6ff7
  languageName: node
  linkType: hard

"@sapphire/framework@npm:^4.5.1":
  version: 4.5.3
  resolution: "@sapphire/framework@npm:4.5.3"
  dependencies:
    "@discordjs/builders": "npm:^1.6.5"
    "@sapphire/discord-utilities": "npm:^3.1.0"
    "@sapphire/discord.js-utilities": "npm:^7.0.1"
    "@sapphire/lexure": "npm:^1.1.5"
    "@sapphire/pieces": "npm:^3.7.0"
    "@sapphire/ratelimits": "npm:^2.4.6"
    "@sapphire/result": "npm:^2.6.4"
    "@sapphire/stopwatch": "npm:^1.5.0"
    "@sapphire/utilities": "npm:^3.13.0"
  checksum: 10/060c1d6805b4e06d82b743398b3cc2efa8905d3b9d1e92ea3877bce6bd0016d29afc8ad550d55cf2c16fc3812d68b755129ae19b0506f32ca904e8a79ecb170f
  languageName: node
  linkType: hard

"@sapphire/lexure@npm:^1.1.5":
  version: 1.1.5
  resolution: "@sapphire/lexure@npm:1.1.5"
  dependencies:
    "@sapphire/result": "npm:^2.6.4"
  checksum: 10/898d31fb54fa8106e8ee97f59f0866f0b421a6a055fb09622cd569312303dffaca689ec862fbacfd6848a4b65798a8cdbd9b4332b4107e44b39f8800bb4e87b6
  languageName: node
  linkType: hard

"@sapphire/pieces@npm:^3.7.0":
  version: 3.7.0
  resolution: "@sapphire/pieces@npm:3.7.0"
  dependencies:
    "@discordjs/collection": "npm:^1.5.1"
    "@sapphire/utilities": "npm:^3.13.0"
    tslib: "npm:^2.6.0"
  checksum: 10/45824bba87eec01a7c5f9c90aa465ac3b7bf2eda2982a1ac4d7e7f76e702316d8740b3ea4cc605f8a4623271992f73418e8d93f4ab011a5bdd36cc8f9f90e4f3
  languageName: node
  linkType: hard

"@sapphire/plugin-api@npm:^5.1.1":
  version: 5.1.1
  resolution: "@sapphire/plugin-api@npm:5.1.1"
  dependencies:
    "@types/ws": "npm:^8.5.5"
    tldts: "npm:^6.0.14"
    tslib: "npm:^2.6.2"
    undici: "npm:^5.23.0"
  checksum: 10/4b18ab614522101e82790dd968744f2a5e532ffb9d8f61c2a3c41ae43f2535d31c14372b666e5dd705f1542bda3661fe45e65bbd920f3baee738aaabf0f0927e
  languageName: node
  linkType: hard

"@sapphire/plugin-logger@npm:^3.0.5":
  version: 3.0.6
  resolution: "@sapphire/plugin-logger@npm:3.0.6"
  dependencies:
    "@sapphire/timestamp": "npm:^1.0.1"
    colorette: "npm:^2.0.20"
  checksum: 10/5df479566f2c5f6d16708994789eb10369ed788857ec81ae3737267a28763d3909d32017f7e7b9864bf54dc7660f794f214e46822e99db24a9a4792309cd3274
  languageName: node
  linkType: hard

"@sapphire/prettier-config@npm:^2.0.0":
  version: 2.0.0
  resolution: "@sapphire/prettier-config@npm:2.0.0"
  dependencies:
    prettier: "npm:^3.0.0"
  checksum: 10/900ec710173f05a31e3fe25151221d2c5f0d385d2f6e0b68d3a4713412e70871e6b64c3107d1f6952fff7e5032cb37186b9b522ab1eb048bbde6de09e8ecb027
  languageName: node
  linkType: hard

"@sapphire/ratelimits@npm:^2.4.6":
  version: 2.4.6
  resolution: "@sapphire/ratelimits@npm:2.4.6"
  checksum: 10/a83223893e4462f3e209679a206d7e0dd7f46771fc57522c1c5683c053977c314fa859eadd63317a832bdd909af583ce21007d4b2aae76b33aa78224f606679c
  languageName: node
  linkType: hard

"@sapphire/result@npm:^2.6.3, @sapphire/result@npm:^2.6.4":
  version: 2.6.4
  resolution: "@sapphire/result@npm:2.6.4"
  checksum: 10/d47807b9f3ccf572b208d1052aafbc9f5f37f2d47bc661225d2dff0eb873c684bc37bcb5f0885a19309da37263be92743f611a140ba8601261ae2ae668c21a22
  languageName: node
  linkType: hard

"@sapphire/shapeshift@npm:^3.9.2":
  version: 3.9.2
  resolution: "@sapphire/shapeshift@npm:3.9.2"
  dependencies:
    fast-deep-equal: "npm:^3.1.3"
    lodash: "npm:^4.17.21"
  checksum: 10/1f268ada96f1716ade47dac5fd5449e29fb2a04a2080f7bba0ea8d94f8fc83b5608e7f9fdbbfd28c0b3921997a8d60c875712f1cf4e14ea96e95b5f72af4d9ea
  languageName: node
  linkType: hard

"@sapphire/snowflake@npm:^3.5.1":
  version: 3.5.1
  resolution: "@sapphire/snowflake@npm:3.5.1"
  checksum: 10/12d09f0e4f52f86bdc330d70e4a3042f212d787c2d40e7bc41769218c8d08649786109aa78d777262a658a8f29f12ef5bacc6188d46fd1dd35a4e1f29d378723
  languageName: node
  linkType: hard

"@sapphire/stopwatch@npm:^1.5.0":
  version: 1.5.0
  resolution: "@sapphire/stopwatch@npm:1.5.0"
  dependencies:
    tslib: "npm:^2.4.0"
  checksum: 10/86e50cb851ea744922cf95341e312261f9c5b1e866a09bc2ef1186dbb5db50bc3bc15baa86bab1773777035c4caa22c2c3c176611039864d3e9ff290c6f2d513
  languageName: node
  linkType: hard

"@sapphire/timestamp@npm:^1.0.1":
  version: 1.0.1
  resolution: "@sapphire/timestamp@npm:1.0.1"
  checksum: 10/6bed5ac6efb82df3ae14e4215395b43b2c7ea1afb7b0f0da08e43c779ad851e2557f6b02dbd05a567e3134a5f6aef5bd71fce5cde3153299e4cf21dd0a4074a0
  languageName: node
  linkType: hard

"@sapphire/ts-config@npm:^5.0.0":
  version: 5.0.0
  resolution: "@sapphire/ts-config@npm:5.0.0"
  dependencies:
    tslib: "npm:^2.6.2"
    typescript: "npm:^5.2.2"
  checksum: 10/02740cdf3deeee391fee82d24969ad0e186435a40da468b858d8d8affd2a3c2cc100480d1059b4e3c039843858399f07978ce18a62b1c99ff7258777da3df5fb
  languageName: node
  linkType: hard

"@sapphire/utilities@npm:^3.13.0":
  version: 3.13.0
  resolution: "@sapphire/utilities@npm:3.13.0"
  checksum: 10/bc1da486c3a97119ff54f884b24c4da89ff90391e31ef5ade48852a3bfaebb569ec43d17d49615eaa362184ebc21074f9da289332b20550039dcff2fc828a598
  languageName: node
  linkType: hard

"@skyra/env-utilities@npm:^1.2.1":
  version: 1.2.1
  resolution: "@skyra/env-utilities@npm:1.2.1"
  dependencies:
    dotenv: "npm:^16.3.0"
    dotenv-expand: "npm:^10.0.0"
  checksum: 10/e9ba9f38197ae1b5b339c5f126113ff0e41475f34faa52ed2e0472031b6d3f540e04e56a54858eafdc7bf8cc7b84f0a925ebaa55fe668884d65823ea72abcac5
  languageName: node
  linkType: hard

"@stencil/core@npm:^2.22.1":
  version: 2.22.3
  resolution: "@stencil/core@npm:2.22.3"
  bin:
    stencil: bin/stencil
  checksum: 10/c758a09d70affbc3bccfa37ed84893760fdfbe211ab0c20d5ee45222f8ab412a49b7db1e44acc6cef43caaf33136ded1565d155cf0e87c89da8da0d83dc71bbe
  languageName: node
  linkType: hard

"@types/node@npm:*":
  version: 20.5.7
  resolution: "@types/node@npm:20.5.7"
  checksum: 10/4571c455d1528ae3aa0d738de4631bf12781107b18e29e364000fdb8fea6c5d4fe7bf83edeeb93406aeac56cc4af43b30dffa3df475a57a89f32a9b025bf2112
  languageName: node
  linkType: hard

"@types/node@npm:^18.17.0":
  version: 18.17.12
  resolution: "@types/node@npm:18.17.12"
  checksum: 10/9f9df00dd5d9793bc1411d50b49a1dbbbf7fa7b4b273ee833f205c7346323d126bf346aa13559e034765377310ff99a32a7a50273a7b0f1c16ca0443bdd3a3c3
  languageName: node
  linkType: hard

"@types/prop-types@npm:*":
  version: 15.7.5
  resolution: "@types/prop-types@npm:15.7.5"
  checksum: 10/5b43b8b15415e1f298243165f1d44390403bb2bd42e662bca3b5b5633fdd39c938e91b7fce3a9483699db0f7a715d08cef220c121f723a634972fdf596aec980
  languageName: node
  linkType: hard

"@types/react@npm:>=16.0.0":
  version: 18.2.21
  resolution: "@types/react@npm:18.2.21"
  dependencies:
    "@types/prop-types": "npm:*"
    "@types/scheduler": "npm:*"
    csstype: "npm:^3.0.2"
  checksum: 10/7b315e2b14da1cd895719ba957fd71a0a8a35300fd76689d0268ed9afd8065a56b4fdcd1306871e3e16706dd3ecd706a846af74caca8fcad88052469cf0d83a1
  languageName: node
  linkType: hard

"@types/scheduler@npm:*":
  version: 0.16.3
  resolution: "@types/scheduler@npm:0.16.3"
  checksum: 10/2b0aec39c24268e3ce938c5db2f2e77f5c3dd280e05c262d9c2fe7d890929e4632a6b8e94334017b66b45e4f92a5aa42ba3356640c2a1175fa37bef2f5200767
  languageName: node
  linkType: hard

"@types/ws@npm:^8.5.5":
  version: 8.5.5
  resolution: "@types/ws@npm:8.5.5"
  dependencies:
    "@types/node": "npm:*"
  checksum: 10/b2d7da5bd469c2ff1ddcfba1da33a556dc02c539e727001e7dc7b4182935154143e96a101cc091686acefb4e115c8ee38111c6634934748b8dd2db0c851c50ab
  languageName: node
  linkType: hard

"@vladfrangu/async_event_emitter@npm:^2.2.2":
  version: 2.2.2
  resolution: "@vladfrangu/async_event_emitter@npm:2.2.2"
  checksum: 10/1c1fcee04aecfa3cceb05e9bcd3a8aae053ce0512e79e7f878a5d2b8458a926aa3e6da553be0a431e7acb58d9aec3df435a845653a642b864c6b67e2a44ec40c
  languageName: node
  linkType: hard

"argparse@npm:^2.0.1":
  version: 2.0.1
  resolution: "argparse@npm:2.0.1"
  checksum: 10/18640244e641a417ec75a9bd38b0b2b6b95af5199aa241b131d4b2fb206f334d7ecc600bd194861610a5579084978bfcbb02baa399dbe442d56d0ae5e60dbaef
  languageName: node
  linkType: hard

"busboy@npm:^1.6.0":
  version: 1.6.0
  resolution: "busboy@npm:1.6.0"
  dependencies:
    streamsearch: "npm:^1.1.0"
  checksum: 10/bee10fa10ea58e7e3e7489ffe4bda6eacd540a17de9f9cd21cc37e297b2dd9fe52b2715a5841afaec82900750d810d01d7edb4b2d456427f449b92b417579763
  languageName: node
  linkType: hard

"clsx@npm:^1.2.1":
  version: 1.2.1
  resolution: "clsx@npm:1.2.1"
  checksum: 10/5ded6f61f15f1fa0350e691ccec43a28b12fb8e64c8e94715f2a937bc3722d4c3ed41d6e945c971fc4dcc2a7213a43323beaf2e1c28654af63ba70c9968a8643
  languageName: node
  linkType: hard

"colorette@npm:*, colorette@npm:^2.0.20":
  version: 2.0.20
  resolution: "colorette@npm:2.0.20"
  checksum: 10/0b8de48bfa5d10afc160b8eaa2b9938f34a892530b2f7d7897e0458d9535a066e3998b49da9d21161c78225b272df19ae3a64d6df28b4c9734c0e55bbd02406f
  languageName: node
  linkType: hard

"commander@npm:^10.0.1":
  version: 10.0.1
  resolution: "commander@npm:10.0.1"
  checksum: 10/8799faa84a30da985802e661cc9856adfaee324d4b138413013ef7f087e8d7924b144c30a1f1405475f0909f467665cd9e1ce13270a2f41b141dab0b7a58f3fb
  languageName: node
  linkType: hard

"cross-spawn@npm:^7.0.3":
  version: 7.0.3
  resolution: "cross-spawn@npm:7.0.3"
  dependencies:
    path-key: "npm:^3.1.0"
    shebang-command: "npm:^2.0.0"
    which: "npm:^2.0.1"
  checksum: 10/e1a13869d2f57d974de0d9ef7acbf69dc6937db20b918525a01dacb5032129bd552d290d886d981e99f1b624cb03657084cc87bd40f115c07ecf376821c729ce
  languageName: node
  linkType: hard

"csstype@npm:^3.0.2":
  version: 3.1.2
  resolution: "csstype@npm:3.1.2"
  checksum: 10/1f39c541e9acd9562996d88bc9fb62d1cb234786ef11ed275567d4b2bd82e1ceacde25debc8de3d3b4871ae02c2933fa02614004c97190711caebad6347debc2
  languageName: node
  linkType: hard

"discord-api-types@npm:0.37.50":
  version: 0.37.50
  resolution: "discord-api-types@npm:0.37.50"
  checksum: 10/df8feffd025fadcdcd7b9fafa164d26f15cfeda13add6f1b94f05cebd29d9604db9a6875f774191ba80d7bfd081d3d82e2c7ad7258d7d72fba0ef7e4908fa686
  languageName: node
  linkType: hard

"discord-api-types@npm:0.37.x":
  version: 0.37.56
  resolution: "discord-api-types@npm:0.37.56"
  checksum: 10/68d0f53f06a01aedb75dbe3f5b3e73b8c227363a40146634a8c824b2ee55df4f40c19395fb74db27ba65c3d8086ea29bae30b1d5080e084124c88b26a64cec18
  languageName: node
  linkType: hard

"discord-api-types@npm:^0.37.51":
  version: 0.37.55
  resolution: "discord-api-types@npm:0.37.55"
  checksum: 10/719f66822ac977b81de1339439b46124bd930d93969169bd434c3df746539c5ede1ef48b4b9f8b939475a4fca44f1554db9ec20e0a8b694a6fa1aa72e9d8a784
  languageName: node
  linkType: hard

"discord-html-transcripts@npm:^3.1.5":
  version: 3.1.5
  resolution: "discord-html-transcripts@npm:3.1.5"
  dependencies:
    "@derockdev/discord-components-core": "npm:^3.5.3"
    "@derockdev/discord-components-react": "npm:^3.5.3"
    discord-markdown-parser: "npm:~1.1.0"
    react: "npm:^18.2.0"
    react-dom: "npm:^18.2.0"
    simple-markdown: "npm:^0.7.3"
    twemoji: "npm:^14.0.2"
    undici: "npm:^5.21.0"
  peerDependencies:
    discord.js: ^14.0.0 || ^15.0.0
  checksum: 10/38376ce1f07c1fc8961a201574a5cc657ae3cc82dc630fea21ed2b24224f8e6f9cc846c5fb43298ece2bf6150f8157cd6ce53f91b4275c2728f98cb992c87fae
  languageName: node
  linkType: hard

"discord-markdown-parser@npm:~1.1.0":
  version: 1.1.0
  resolution: "discord-markdown-parser@npm:1.1.0"
  dependencies:
    simple-markdown: "npm:^0.7.3"
  checksum: 10/65556ca215d454f7330f4de17d9a94b14837a0af588a7a271f911293f85aaafc7ba9c02036560a80009800e9c11d4585b8b9f468db6b8aaa03747bc9be92ecf4
  languageName: node
  linkType: hard

"discord.js@npm:^14.11.0":
  version: 14.13.0
  resolution: "discord.js@npm:14.13.0"
  dependencies:
    "@discordjs/builders": "npm:^1.6.5"
    "@discordjs/collection": "npm:^1.5.3"
    "@discordjs/formatters": "npm:^0.3.2"
    "@discordjs/rest": "npm:^2.0.1"
    "@discordjs/util": "npm:^1.0.1"
    "@discordjs/ws": "npm:^1.0.1"
    "@sapphire/snowflake": "npm:^3.5.1"
    "@types/ws": "npm:^8.5.5"
    discord-api-types: "npm:0.37.50"
    fast-deep-equal: "npm:^3.1.3"
    lodash.snakecase: "npm:^4.1.1"
    tslib: "npm:^2.6.1"
    undici: "npm:5.22.1"
    ws: "npm:^8.13.0"
  checksum: 10/6df7a8b28da7c951e36750eb1a32f206965b4c1390b9280bc3ec202134e3e834a3bd9555b3c218a10691346eee3629216ddc9a49ef328b9fe003c31519baeb42
  languageName: node
  linkType: hard

"dotenv-expand@npm:^10.0.0":
  version: 10.0.0
  resolution: "dotenv-expand@npm:10.0.0"
  checksum: 10/b41eb278bc96b92cbf3037ca5f3d21e8845bf165dc06b6f9a0a03d278c2bd5a01c0cfbb3528ae3a60301ba1a8a9cace30e748c54b460753bc00d4c014b675597
  languageName: node
  linkType: hard

"dotenv@npm:^16.3.0":
  version: 16.3.1
  resolution: "dotenv@npm:16.3.1"
  checksum: 10/dbb778237ef8750e9e3cd1473d3c8eaa9cc3600e33a75c0e36415d0fa0848197f56c3800f77924c70e7828f0b03896818cd52f785b07b9ad4d88dba73fbba83f
  languageName: node
  linkType: hard

"duplexer@npm:~0.1.1":
  version: 0.1.2
  resolution: "duplexer@npm:0.1.2"
  checksum: 10/62ba61a830c56801db28ff6305c7d289b6dc9f859054e8c982abd8ee0b0a14d2e9a8e7d086ffee12e868d43e2bbe8a964be55ddbd8c8957714c87373c7a4f9b0
  languageName: node
  linkType: hard

"event-stream@npm:=3.3.4":
  version: 3.3.4
  resolution: "event-stream@npm:3.3.4"
  dependencies:
    duplexer: "npm:~0.1.1"
    from: "npm:~0"
    map-stream: "npm:~0.1.0"
    pause-stream: "npm:0.0.11"
    split: "npm:0.3"
    stream-combiner: "npm:~0.0.4"
    through: "npm:~2.3.1"
  checksum: 10/48ea0e17df89ff45778c25e7111a6691401c902162823ddd7656d83fc972e75380f789f7a48f272f50fe7015420cc04f835d458560bf95e34b2c7a479570c8fb
  languageName: node
  linkType: hard

"execa@npm:^7.1.1":
  version: 7.2.0
  resolution: "execa@npm:7.2.0"
  dependencies:
    cross-spawn: "npm:^7.0.3"
    get-stream: "npm:^6.0.1"
    human-signals: "npm:^4.3.0"
    is-stream: "npm:^3.0.0"
    merge-stream: "npm:^2.0.0"
    npm-run-path: "npm:^5.1.0"
    onetime: "npm:^6.0.0"
    signal-exit: "npm:^3.0.7"
    strip-final-newline: "npm:^3.0.0"
  checksum: 10/473feff60f9d4dbe799225948de48b5158c1723021d19c4b982afe37bcd111ae84e1b4c9dfe967fae5101b0894b1a62e4dd564a286dfa3e46d7b0cfdbf7fe62b
  languageName: node
  linkType: hard

"fast-deep-equal@npm:^3.1.3":
  version: 3.1.3
  resolution: "fast-deep-equal@npm:3.1.3"
  checksum: 10/e21a9d8d84f53493b6aa15efc9cfd53dd5b714a1f23f67fb5dc8f574af80df889b3bce25dc081887c6d25457cce704e636395333abad896ccdec03abaf1f3f9d
  languageName: node
  linkType: hard

"find-up@npm:^5.0.0":
  version: 5.0.0
  resolution: "find-up@npm:5.0.0"
  dependencies:
    locate-path: "npm:^6.0.0"
    path-exists: "npm:^4.0.0"
  checksum: 10/07955e357348f34660bde7920783204ff5a26ac2cafcaa28bace494027158a97b9f56faaf2d89a6106211a8174db650dd9f503f9c0d526b1202d5554a00b9095
  languageName: node
  linkType: hard

"from@npm:~0":
  version: 0.1.7
  resolution: "from@npm:0.1.7"
  checksum: 10/b85125b7890489656eb2e4f208f7654a93ec26e3aefaf3bbbcc0d496fc1941e4405834fcc9fe7333192aa2187905510ace70417bbf9ac6f6f4784a731d986939
  languageName: node
  linkType: hard

"fs-extra@npm:^8.0.1":
  version: 8.1.0
  resolution: "fs-extra@npm:8.1.0"
  dependencies:
    graceful-fs: "npm:^4.2.0"
    jsonfile: "npm:^4.0.0"
    universalify: "npm:^0.1.0"
  checksum: 10/6fb12449f5349be724a138b4a7b45fe6a317d2972054517f5971959c26fbd17c0e145731a11c7324460262baa33e0a799b183ceace98f7a372c95fbb6f20f5de
  languageName: node
  linkType: hard

"get-stream@npm:^6.0.1":
  version: 6.0.1
  resolution: "get-stream@npm:6.0.1"
  checksum: 10/781266d29725f35c59f1d214aedc92b0ae855800a980800e2923b3fbc4e56b3cb6e462c42e09a1cf1a00c64e056a78fa407cbe06c7c92b7e5cd49b4b85c2a497
  languageName: node
  linkType: hard

"graceful-fs@npm:^4.1.6, graceful-fs@npm:^4.2.0":
  version: 4.2.11
  resolution: "graceful-fs@npm:4.2.11"
  checksum: 10/bf152d0ed1dc159239db1ba1f74fdbc40cb02f626770dcd5815c427ce0688c2635a06ed69af364396da4636d0408fcf7d4afdf7881724c3307e46aff30ca49e2
  languageName: node
  linkType: hard

"hex-to-rgba@npm:^2.0.1":
  version: 2.0.1
  resolution: "hex-to-rgba@npm:2.0.1"
  checksum: 10/ceaaa5646a4e451471ced178357794de4d1c0206d2bb661a61b041258c5d79bdeb7975fc0f26d0ea77f8e367a2d6684206beabea9e4fe91adfd3103f034cd075
  languageName: node
  linkType: hard

"highlight.js@npm:^11.6.0":
  version: 11.8.0
  resolution: "highlight.js@npm:11.8.0"
  checksum: 10/a1952caae8ae07b9e60faad87307881eaf38d2356b0b1295b0692b16fb57811da6bb4d143a4940609f58c6a8facf73ff493bab4d946fb24731af9355d51d0a69
  languageName: node
  linkType: hard

"human-signals@npm:^4.3.0":
  version: 4.3.1
  resolution: "human-signals@npm:4.3.1"
  checksum: 10/fa59894c358fe9f2b5549be2fb083661d5e1dff618d3ac70a49ca73495a72e873fbf6c0878561478e521e17d498292746ee391791db95ffe5747bfb5aef8765b
  languageName: node
  linkType: hard

"is-stream@npm:^3.0.0":
  version: 3.0.0
  resolution: "is-stream@npm:3.0.0"
  checksum: 10/172093fe99119ffd07611ab6d1bcccfe8bc4aa80d864b15f43e63e54b7abc71e779acd69afdb854c4e2a67fdc16ae710e370eda40088d1cfc956a50ed82d8f16
  languageName: node
  linkType: hard

"isexe@npm:^2.0.0":
  version: 2.0.0
  resolution: "isexe@npm:2.0.0"
  checksum: 10/7c9f715c03aff08f35e98b1fadae1b9267b38f0615d501824f9743f3aab99ef10e303ce7db3f186763a0b70a19de5791ebfc854ff884d5a8c4d92211f642ec92
  languageName: node
  linkType: hard

"js-tokens@npm:^3.0.0 || ^4.0.0":
  version: 4.0.0
  resolution: "js-tokens@npm:4.0.0"
  checksum: 10/af37d0d913fb56aec6dc0074c163cc71cd23c0b8aad5c2350747b6721d37ba118af35abdd8b33c47ec2800de07dedb16a527ca9c530ee004093e04958bd0cbf2
  languageName: node
  linkType: hard

"js-yaml@npm:^4.1.0":
  version: 4.1.0
  resolution: "js-yaml@npm:4.1.0"
  dependencies:
    argparse: "npm:^2.0.1"
  bin:
    js-yaml: bin/js-yaml.js
  checksum: 10/c138a34a3fd0d08ebaf71273ad4465569a483b8a639e0b118ff65698d257c2791d3199e3f303631f2cb98213fa7b5f5d6a4621fd0fff819421b990d30d967140
  languageName: node
  linkType: hard

"jsonfile@npm:^4.0.0":
  version: 4.0.0
  resolution: "jsonfile@npm:4.0.0"
  dependencies:
    graceful-fs: "npm:^4.1.6"
  dependenciesMeta:
    graceful-fs:
      optional: true
  checksum: 10/17796f0ab1be8479827d3683433f97ebe0a1c6932c3360fa40348eac36904d69269aab26f8b16da311882d94b42e9208e8b28e490bf926364f3ac9bff134c226
  languageName: node
  linkType: hard

"jsonfile@npm:^5.0.0":
  version: 5.0.0
  resolution: "jsonfile@npm:5.0.0"
  dependencies:
    graceful-fs: "npm:^4.1.6"
    universalify: "npm:^0.1.2"
  dependenciesMeta:
    graceful-fs:
      optional: true
  checksum: 10/fcf7a1c6c97c1980f67f587f0892259c3c7e9886fdd96ff2e991594d18e45565177f3e657a83efefc07af863ed4b012e2b7335a40120cf0082c25b79b077df02
  languageName: node
  linkType: hard

"kleur@npm:^3.0.3":
  version: 3.0.3
  resolution: "kleur@npm:3.0.3"
  checksum: 10/0c0ecaf00a5c6173d25059c7db2113850b5457016dfa1d0e3ef26da4704fbb186b4938d7611246d86f0ddf1bccf26828daa5877b1f232a65e7373d0122a83e7f
  languageName: node
  linkType: hard

"locate-path@npm:^6.0.0":
  version: 6.0.0
  resolution: "locate-path@npm:6.0.0"
  dependencies:
    p-locate: "npm:^5.0.0"
  checksum: 10/72eb661788a0368c099a184c59d2fee760b3831c9c1c33955e8a19ae4a21b4116e53fa736dc086cdeb9fce9f7cc508f2f92d2d3aae516f133e16a2bb59a39f5a
  languageName: node
  linkType: hard

"lodash.snakecase@npm:^4.1.1":
  version: 4.1.1
  resolution: "lodash.snakecase@npm:4.1.1"
  checksum: 10/82ed40935d840477ef8fee64f9f263f75989c6cde36b84aae817246d95826228e1b5a7f6093c51de324084f86433634c7af244cb89496633cacfe443071450d0
  languageName: node
  linkType: hard

"lodash@npm:^4.17.21":
  version: 4.17.21
  resolution: "lodash@npm:4.17.21"
  checksum: 10/c08619c038846ea6ac754abd6dd29d2568aa705feb69339e836dfa8d8b09abbb2f859371e86863eda41848221f9af43714491467b5b0299122431e202bb0c532
  languageName: node
  linkType: hard

"loose-envify@npm:^1.1.0":
  version: 1.4.0
  resolution: "loose-envify@npm:1.4.0"
  dependencies:
    js-tokens: "npm:^3.0.0 || ^4.0.0"
  bin:
    loose-envify: cli.js
  checksum: 10/6517e24e0cad87ec9888f500c5b5947032cdfe6ef65e1c1936a0c48a524b81e65542c9c3edc91c97d5bddc806ee2a985dbc79be89215d613b1de5db6d1cfe6f4
  languageName: node
  linkType: hard

"magic-bytes.js@npm:^1.0.15":
  version: 1.0.15
  resolution: "magic-bytes.js@npm:1.0.15"
  checksum: 10/656e2e73ea60f75f8d0bf230784ff15f7e53d3bf552804a1f8877bd66e38ba5bdc183e12791fd301c0105984b0f76c1cf021cf15ecbf5d3163b1e6a8ffe4f9df
  languageName: node
  linkType: hard

"map-stream@npm:~0.1.0":
  version: 0.1.0
  resolution: "map-stream@npm:0.1.0"
  checksum: 10/f04a07041dccdf8140a4a6613e4731e917153ee031d3c837cb32ea7d609e8fbea538c44053718772f59dd1dca0ce68a5689ad006688612ee720d78bacf5bf24d
  languageName: node
  linkType: hard

"merge-stream@npm:^2.0.0":
  version: 2.0.0
  resolution: "merge-stream@npm:2.0.0"
  checksum: 10/6fa4dcc8d86629705cea944a4b88ef4cb0e07656ebf223fa287443256414283dd25d91c1cd84c77987f2aec5927af1a9db6085757cb43d90eb170ebf4b47f4f4
  languageName: node
  linkType: hard

"mimic-fn@npm:^4.0.0":
  version: 4.0.0
  resolution: "mimic-fn@npm:4.0.0"
  checksum: 10/995dcece15ee29aa16e188de6633d43a3db4611bcf93620e7e62109ec41c79c0f34277165b8ce5e361205049766e371851264c21ac64ca35499acb5421c2ba56
  languageName: node
  linkType: hard

"nexus-bot@workspace:.":
  version: 0.0.0-use.local
  resolution: "nexus-bot@workspace:."
  dependencies:
    "@prisma/client": "npm:^5.2.0"
    "@sapphire/cli": "npm:^1.6.1"
    "@sapphire/decorators": "npm:^6.0.2"
    "@sapphire/discord.js-utilities": "npm:7.0.1"
    "@sapphire/framework": "npm:^4.5.1"
    "@sapphire/plugin-api": "npm:^5.1.1"
    "@sapphire/plugin-logger": "npm:^3.0.5"
    "@sapphire/prettier-config": "npm:^2.0.0"
    "@sapphire/ts-config": "npm:^5.0.0"
    "@sapphire/utilities": "npm:^3.13.0"
    "@skyra/env-utilities": "npm:^1.2.1"
    "@types/node": "npm:^18.17.0"
    "@types/ws": "npm:^8.5.5"
    colorette: "npm:^2.0.20"
    discord-api-types: "npm:0.37.x"
    discord-html-transcripts: "npm:^3.1.5"
    discord.js: "npm:^14.11.0"
    prettier: "npm:^3.0.0"
    prisma: "npm:^5.2.0"
    tsc-watch: "npm:^6.0.4"
    typescript: "npm:^5.1.6"
  languageName: unknown
  linkType: soft

"node-cleanup@npm:^2.1.2":
  version: 2.1.2
  resolution: "node-cleanup@npm:2.1.2"
  checksum: 10/eeb831d27d734179ca6aa7504a65fa0debd7c77a883c5dbea2849fb7ed8fa0a3fe3a346926c5b1aaaf5537fd801d03da0efcf20b28385d7150276a9e8a2127a5
  languageName: node
  linkType: hard

"npm-run-path@npm:^5.1.0":
  version: 5.1.0
  resolution: "npm-run-path@npm:5.1.0"
  dependencies:
    path-key: "npm:^4.0.0"
  checksum: 10/dc184eb5ec239d6a2b990b43236845332ef12f4e0beaa9701de724aa797fe40b6bbd0157fb7639d24d3ab13f5d5cf22d223a19c6300846b8126f335f788bee66
  languageName: node
  linkType: hard

"onetime@npm:^6.0.0":
  version: 6.0.0
  resolution: "onetime@npm:6.0.0"
  dependencies:
    mimic-fn: "npm:^4.0.0"
  checksum: 10/0846ce78e440841335d4e9182ef69d5762e9f38aa7499b19f42ea1c4cd40f0b4446094c455c713f9adac3f4ae86f613bb5e30c99e52652764d06a89f709b3788
  languageName: node
  linkType: hard

"p-limit@npm:^3.0.2":
  version: 3.1.0
  resolution: "p-limit@npm:3.1.0"
  dependencies:
    yocto-queue: "npm:^0.1.0"
  checksum: 10/7c3690c4dbf62ef625671e20b7bdf1cbc9534e83352a2780f165b0d3ceba21907e77ad63401708145ca4e25bfc51636588d89a8c0aeb715e6c37d1c066430360
  languageName: node
  linkType: hard

"p-locate@npm:^5.0.0":
  version: 5.0.0
  resolution: "p-locate@npm:5.0.0"
  dependencies:
    p-limit: "npm:^3.0.2"
  checksum: 10/1623088f36cf1cbca58e9b61c4e62bf0c60a07af5ae1ca99a720837356b5b6c5ba3eb1b2127e47a06865fee59dd0453cad7cc844cda9d5a62ac1a5a51b7c86d3
  languageName: node
  linkType: hard

"path-exists@npm:^4.0.0":
  version: 4.0.0
  resolution: "path-exists@npm:4.0.0"
  checksum: 10/505807199dfb7c50737b057dd8d351b82c033029ab94cb10a657609e00c1bc53b951cfdbccab8de04c5584d5eff31128ce6afd3db79281874a5ef2adbba55ed1
  languageName: node
  linkType: hard

"path-key@npm:^3.1.0":
  version: 3.1.1
  resolution: "path-key@npm:3.1.1"
  checksum: 10/55cd7a9dd4b343412a8386a743f9c746ef196e57c823d90ca3ab917f90ab9f13dd0ded27252ba49dbdfcab2b091d998bc446f6220cd3cea65db407502a740020
  languageName: node
  linkType: hard

"path-key@npm:^4.0.0":
  version: 4.0.0
  resolution: "path-key@npm:4.0.0"
  checksum: 10/8e6c314ae6d16b83e93032c61020129f6f4484590a777eed709c4a01b50e498822b00f76ceaf94bc64dbd90b327df56ceadce27da3d83393790f1219e07721d7
  languageName: node
  linkType: hard

"pause-stream@npm:0.0.11":
  version: 0.0.11
  resolution: "pause-stream@npm:0.0.11"
  dependencies:
    through: "npm:~2.3"
  checksum: 10/1407efadfe814b5c487e4b28d6139cb7e03ee5d25fbb5f89a68f2053e81f05ce6b2bec196eeb3d46ef2c856f785016d14816b0d0e3c3abd1b64311c5c20660dc
  languageName: node
  linkType: hard

"prettier@npm:^3.0.0":
  version: 3.0.2
  resolution: "prettier@npm:3.0.2"
  bin:
    prettier: bin/prettier.cjs
  checksum: 10/9d67f6f57be6e12fa82559f37689a47453d4a59334d88c490a0616d53de947215cdf3c145733f944057ba5158ea0e11524a2b24185c606e124474ca621baa73c
  languageName: node
  linkType: hard

"prisma@npm:^5.2.0":
  version: 5.2.0
  resolution: "prisma@npm:5.2.0"
  dependencies:
    "@prisma/engines": "npm:5.2.0"
  bin:
    prisma: build/index.js
  checksum: 10/cd7395d1e66abbff95a59b00f1f1c35b7469213f6adb23ce20872c072648cc9c698949e761e884ac94d4bae18897e9c52c84225678050018cf1233fbfe522bd3
  languageName: node
  linkType: hard

"prompts@npm:^2.4.2":
  version: 2.4.2
  resolution: "prompts@npm:2.4.2"
  dependencies:
    kleur: "npm:^3.0.3"
    sisteransi: "npm:^1.0.5"
  checksum: 10/c52536521a4d21eff4f2f2aa4572446cad227464066365a7167e52ccf8d9839c099f9afec1aba0eed3d5a2514b3e79e0b3e7a1dc326b9acde6b75d27ed74b1a9
  languageName: node
  linkType: hard

"ps-tree@npm:^1.2.0":
  version: 1.2.0
  resolution: "ps-tree@npm:1.2.0"
  dependencies:
    event-stream: "npm:=3.3.4"
  bin:
    ps-tree: ./bin/ps-tree.js
  checksum: 10/0587defdc20c0768fad884623c0204c77e5228878a5cb043676b00529220ec12d9cb6a328a0580767a9909a317bff466fe4530a4676e3d145a9deb3b7fbbeef3
  languageName: node
  linkType: hard

"react-dom@npm:^18.2.0":
  version: 18.2.0
  resolution: "react-dom@npm:18.2.0"
  dependencies:
    loose-envify: "npm:^1.1.0"
    scheduler: "npm:^0.23.0"
  peerDependencies:
    react: ^18.2.0
  checksum: 10/ca5e7762ec8c17a472a3605b6f111895c9f87ac7d43a610ab7024f68cd833d08eda0625ce02ec7178cc1f3c957cf0b9273cdc17aa2cd02da87544331c43b1d21
  languageName: node
  linkType: hard

"react@npm:^18.2.0":
  version: 18.2.0
  resolution: "react@npm:18.2.0"
  dependencies:
    loose-envify: "npm:^1.1.0"
  checksum: 10/b9214a9bd79e99d08de55f8bef2b7fc8c39630be97c4e29d7be173d14a9a10670b5325e94485f74cd8bff4966ef3c78ee53c79a7b0b9b70cba20aa8973acc694
  languageName: node
  linkType: hard

"scheduler@npm:^0.23.0":
  version: 0.23.0
  resolution: "scheduler@npm:0.23.0"
  dependencies:
    loose-envify: "npm:^1.1.0"
  checksum: 10/0c4557aa37bafca44ff21dc0ea7c92e2dbcb298bc62eae92b29a39b029134f02fb23917d6ebc8b1fa536b4184934314c20d8864d156a9f6357f3398aaf7bfda8
  languageName: node
  linkType: hard

"shebang-command@npm:^2.0.0":
  version: 2.0.0
  resolution: "shebang-command@npm:2.0.0"
  dependencies:
    shebang-regex: "npm:^3.0.0"
  checksum: 10/6b52fe87271c12968f6a054e60f6bde5f0f3d2db483a1e5c3e12d657c488a15474121a1d55cd958f6df026a54374ec38a4a963988c213b7570e1d51575cea7fa
  languageName: node
  linkType: hard

"shebang-regex@npm:^3.0.0":
  version: 3.0.0
  resolution: "shebang-regex@npm:3.0.0"
  checksum: 10/1a2bcae50de99034fcd92ad4212d8e01eedf52c7ec7830eedcf886622804fe36884278f2be8be0ea5fde3fd1c23911643a4e0f726c8685b61871c8908af01222
  languageName: node
  linkType: hard

"signal-exit@npm:^3.0.7":
  version: 3.0.7
  resolution: "signal-exit@npm:3.0.7"
  checksum: 10/a2f098f247adc367dffc27845853e9959b9e88b01cb301658cfe4194352d8d2bb32e18467c786a7fe15f1d44b233ea35633d076d5e737870b7139949d1ab6318
  languageName: node
  linkType: hard

"simple-markdown@npm:^0.7.3":
  version: 0.7.3
  resolution: "simple-markdown@npm:0.7.3"
  dependencies:
    "@types/react": "npm:>=16.0.0"
  checksum: 10/ac61edd9476d91873f438a0903aa435e73a2d81ce07e4f472f21d0778456f11ce5a45370cc1fcf14788c3fce212ab33ac4bd85d9d9a86a08f683c5a5546d8217
  languageName: node
  linkType: hard

"sisteransi@npm:^1.0.5":
  version: 1.0.5
  resolution: "sisteransi@npm:1.0.5"
  checksum: 10/aba6438f46d2bfcef94cf112c835ab395172c75f67453fe05c340c770d3c402363018ae1ab4172a1026a90c47eaccf3af7b6ff6fa749a680c2929bd7fa2b37a4
  languageName: node
  linkType: hard

"split@npm:0.3":
  version: 0.3.3
  resolution: "split@npm:0.3.3"
  dependencies:
    through: "npm:2"
  checksum: 10/41b397e9fedc984ee1b061780bf173ef72a4f99265ca9cbccd9765b8cc0729eeee6cdeaf70664eb3eb0823e8430db033e50a33050498d75569fc743c6964c84e
  languageName: node
  linkType: hard

"stream-combiner@npm:~0.0.4":
  version: 0.0.4
  resolution: "stream-combiner@npm:0.0.4"
  dependencies:
    duplexer: "npm:~0.1.1"
  checksum: 10/844b622cfe8b9de45a6007404f613b60aaf85200ab9862299066204242f89a7c8033b1c356c998aa6cfc630f6cd9eba119ec1c6dc1f93e245982be4a847aee7d
  languageName: node
  linkType: hard

"streamsearch@npm:^1.1.0":
  version: 1.1.0
  resolution: "streamsearch@npm:1.1.0"
  checksum: 10/612c2b2a7dbcc859f74597112f80a42cbe4d448d03da790d5b7b39673c1197dd3789e91cd67210353e58857395d32c1e955a9041c4e6d5bae723436b3ed9ed14
  languageName: node
  linkType: hard

"string-argv@npm:^0.3.1":
  version: 0.3.2
  resolution: "string-argv@npm:0.3.2"
  checksum: 10/f9d3addf887026b4b5f997a271149e93bf71efc8692e7dc0816e8807f960b18bcb9787b45beedf0f97ff459575ee389af3f189d8b649834cac602f2e857e75af
  languageName: node
  linkType: hard

"strip-final-newline@npm:^3.0.0":
  version: 3.0.0
  resolution: "strip-final-newline@npm:3.0.0"
  checksum: 10/23ee263adfa2070cd0f23d1ac14e2ed2f000c9b44229aec9c799f1367ec001478469560abefd00c5c99ee6f0b31c137d53ec6029c53e9f32a93804e18c201050
  languageName: node
  linkType: hard

"through@npm:2, through@npm:~2.3, through@npm:~2.3.1":
  version: 2.3.8
  resolution: "through@npm:2.3.8"
  checksum: 10/5da78346f70139a7d213b65a0106f3c398d6bc5301f9248b5275f420abc2c4b1e77c2abc72d218dedc28c41efb2e7c312cb76a7730d04f9c2d37d247da3f4198
  languageName: node
  linkType: hard

"tldts-core@npm:^6.0.14":
  version: 6.0.14
  resolution: "tldts-core@npm:6.0.14"
  checksum: 10/99c4190dca9f777fdcbe3d859cac2c94a33a70b647040ca6737b949a2a16af4f4481da41f0d34b4d366e60a563fbdac4488b5a8dc4d32027c8e049a8c48312b5
  languageName: node
  linkType: hard

"tldts@npm:^6.0.14":
  version: 6.0.14
  resolution: "tldts@npm:6.0.14"
  dependencies:
    tldts-core: "npm:^6.0.14"
  bin:
    tldts: bin/cli.js
  checksum: 10/6227c283e96e6e1e3e094bb13c65e4e3317956c60345991f82eae079634a963270b48a9b500f93ac8609021745029df5e32d808441fbf107c81dabaf73e87f16
  languageName: node
  linkType: hard

"ts-mixer@npm:^6.0.3":
  version: 6.0.3
  resolution: "ts-mixer@npm:6.0.3"
  checksum: 10/ac9178bdac5e5f760472269ad4c461587a0f6793532ddbef1326bb01482425a6247be98f9bd11bf35a9fdd36b63b8c8dde393942b9b9ee52d154eef082fca39a
  languageName: node
  linkType: hard

"tsc-watch@npm:^6.0.4":
  version: 6.0.4
  resolution: "tsc-watch@npm:6.0.4"
  dependencies:
    cross-spawn: "npm:^7.0.3"
    node-cleanup: "npm:^2.1.2"
    ps-tree: "npm:^1.2.0"
    string-argv: "npm:^0.3.1"
  peerDependencies:
    typescript: "*"
  bin:
    tsc-watch: dist/lib/tsc-watch.js
  checksum: 10/b0e793f63fbb260d4bb94f7fac6cb4b31c7bd710f16cac5018859b87a4550663d404a2cf8478105a48d77f7c72a9cf5568d605381eb6e44b77055e4f9031886a
  languageName: node
  linkType: hard

"tslib@npm:^2.4.0, tslib@npm:^2.5.0, tslib@npm:^2.6.0, tslib@npm:^2.6.1, tslib@npm:^2.6.2":
  version: 2.6.2
  resolution: "tslib@npm:2.6.2"
  checksum: 10/bd26c22d36736513980091a1e356378e8b662ded04204453d353a7f34a4c21ed0afc59b5f90719d4ba756e581a162ecbf93118dc9c6be5acf70aa309188166ca
  languageName: node
  linkType: hard

"twemoji-parser@npm:14.0.0":
  version: 14.0.0
  resolution: "twemoji-parser@npm:14.0.0"
  checksum: 10/bc4628fa108f534996778c46ca28ef79582e4929c41781154d1784b9e434efc817d01343b1fde41c552a0b79768951a244902648c33bfeac212bf4c4bcf50d80
  languageName: node
  linkType: hard

"twemoji@npm:^14.0.2":
  version: 14.0.2
  resolution: "twemoji@npm:14.0.2"
  dependencies:
    fs-extra: "npm:^8.0.1"
    jsonfile: "npm:^5.0.0"
    twemoji-parser: "npm:14.0.0"
    universalify: "npm:^0.1.2"
  checksum: 10/5090d84aa540d23a5f0d8ad69716d24cfe87c69e815968e8a9d4e379d3a9eb1f9852582010dd3839f9494a24d4b93d217ef053832796e689f9798d27cb292140
  languageName: node
  linkType: hard

"typescript@npm:^5.1.6, typescript@npm:^5.2.2":
  version: 5.2.2
  resolution: "typescript@npm:5.2.2"
  bin:
    tsc: bin/tsc
    tsserver: bin/tsserver
  checksum: 10/d65e50eb849bd21ff8677e5b9447f9c6e74777e346afd67754934264dcbf4bd59e7d2473f6062d9a015d66bd573311166357e3eb07fea0b52859cf9bb2b58555
  languageName: node
  linkType: hard

"typescript@patch:typescript@npm%3A^5.1.6#optional!builtin<compat/typescript>, typescript@patch:typescript@npm%3A^5.2.2#optional!builtin<compat/typescript>":
  version: 5.2.2
  resolution: "typescript@patch:typescript@npm%3A5.2.2#optional!builtin<compat/typescript>::version=5.2.2&hash=f3b441"
  bin:
    tsc: bin/tsc
    tsserver: bin/tsserver
  checksum: 10/f79cc2ba802c94c2b78dbb00d767a10adb67368ae764709737dc277273ec148aa4558033a03ce901406b35fddf4eac46dabc94a1e1d12d2587e2b9cfe5707b4a
  languageName: node
  linkType: hard

"undici@npm:5.22.1":
  version: 5.22.1
  resolution: "undici@npm:5.22.1"
  dependencies:
    busboy: "npm:^1.6.0"
  checksum: 10/4e4ae061372508bad6c017e0188cdbf1bb73e427d881aefe6277f88cb0bdd45b57bb88d7ab6fc136ff08e7d022bd83ca550a28272aebfb36b28c06fe8f07ac5e
  languageName: node
  linkType: hard

"undici@npm:^5.21.0, undici@npm:^5.23.0":
  version: 5.23.0
  resolution: "undici@npm:5.23.0"
  dependencies:
    busboy: "npm:^1.6.0"
  checksum: 10/57601260657caf3ebf84f8c955f0c3612d40dfa236a5ce180c1cd13db0d09550f8f14d195777a9906f9c2b416fca47a0a036c5e0378f24bed20319c32bc7ef5d
  languageName: node
  linkType: hard

"universalify@npm:^0.1.0, universalify@npm:^0.1.2":
  version: 0.1.2
  resolution: "universalify@npm:0.1.2"
  checksum: 10/40cdc60f6e61070fe658ca36016a8f4ec216b29bf04a55dce14e3710cc84c7448538ef4dad3728d0bfe29975ccd7bfb5f414c45e7b78883567fb31b246f02dff
  languageName: node
  linkType: hard

"which@npm:^2.0.1":
  version: 2.0.2
  resolution: "which@npm:2.0.2"
  dependencies:
    isexe: "npm:^2.0.0"
  bin:
    node-which: ./bin/node-which
  checksum: 10/4782f8a1d6b8fc12c65e968fea49f59752bf6302dc43036c3bf87da718a80710f61a062516e9764c70008b487929a73546125570acea95c5b5dcc8ac3052c70f
  languageName: node
  linkType: hard

"ws@npm:^8.13.0":
  version: 8.13.0
  resolution: "ws@npm:8.13.0"
  peerDependencies:
    bufferutil: ^4.0.1
    utf-8-validate: ">=5.0.2"
  peerDependenciesMeta:
    bufferutil:
      optional: true
    utf-8-validate:
      optional: true
  checksum: 10/1769532b6fdab9ff659f0b17810e7501831d34ecca23fd179ee64091dd93a51f42c59f6c7bb4c7a384b6c229aca8076fb312aa35626257c18081511ef62a161d
  languageName: node
  linkType: hard

"yocto-queue@npm:^0.1.0":
  version: 0.1.0
  resolution: "yocto-queue@npm:0.1.0"
  checksum: 10/f77b3d8d00310def622123df93d4ee654fc6a0096182af8bd60679ddcdfb3474c56c6c7190817c84a2785648cdee9d721c0154eb45698c62176c322fb46fc700
  languageName: node
  linkType: hard
